
Microsoft Visual Studio Solution File, Format Version 12.00
# Visual Studio Version 16
VisualStudioVersion = 16.0.29613.14
MinimumVisualStudioVersion = 10.0.40219.1
Project("{FAE04EC0-301F-11D3-BF4B-00C04F79EFBC}") = "DoctorOffice", "DoctorOffice.csproj", "{43CCF9F0-E42F-4547-BEE6-2B5CEE0EBA0D}"
EndProject
Project("{FAE04EC0-301F-11D3-BF4B-00C04F79EFBC}") = "DoctorOfficeDataAccess", "..\DoctorOfficeDataAccess\DoctorOfficeDataAccess.csproj", "{08A38F39-637E-46DF-BBD4-6D849A149378}"
EndProject
Global
	GlobalSection(SolutionConfigurationPlatforms) = preSolution
		Debug|Any CPU = Debug|Any CPU
		Release|Any CPU = Release|Any CPU
	EndGlobalSection
	GlobalSection(ProjectConfigurationPlatforms) = postSolution
		{43CCF9F0-E42F-4547-BEE6-2B5CEE0EBA0D}.Debug|Any CPU.ActiveCfg = Debug|Any CPU
		{43CCF9F0-E42F-4547-BEE6-2B5CEE0EBA0D}.Debug|Any CPU.Build.0 = Debug|Any CPU
		{43CCF9F0-E42F-4547-BEE6-2B5CEE0EBA0D}.Release|Any CPU.ActiveCfg = Release|Any CPU
		{43CCF9F0-E42F-4547-BEE6-2B5CEE0EBA0D}.Release|Any CPU.Build.0 = Release|Any CPU
		{08A38F39-637E-46DF-BBD4-6D849A149378}.Debug|Any CPU.ActiveCfg = Debug|Any CPU
		{08A38F39-637E-46DF-BBD4-6D849A149378}.Debug|Any CPU.Build.0 = Debug|Any CPU
		{08A38F39-637E-46DF-BBD4-6D849A149378}.Release|Any CPU.ActiveCfg = Release|Any CPU
		{08A38F39-637E-46DF-BBD4-6D849A149378}.Release|Any CPU.Build.0 = Release|Any CPU
	EndGlobalSection
	GlobalSection(SolutionProperties) = preSolution
		HideSolutionNode = FALSE
	EndGlobalSection
	GlobalSection(ExtensibilityGlobals) = postSolution
		SolutionGuid = {4B8DD3E1-DE7D-4A15-8CDB-EFE00CF459B8}
	EndGlobalSection
EndGlobal
